// !$*UTF8*$!
{
	archiveVersion = 1;
	classes = {
	};
	objectVersion = 48;
	objects = {

/* Begin PBXBuildFile section */
		84135F162437B80300AF21D3 /* AppDelegate.swift in Sources */ = {isa = PBXBuildFile; fileRef = 84135F152437B80300AF21D3 /* AppDelegate.swift */; };
		84135F182437B80300AF21D3 /* RecordSoundsViewController.swift in Sources */ = {isa = PBXBuildFile; fileRef = 84135F172437B80300AF21D3 /* RecordSoundsViewController.swift */; };
		84135F1B2437B80300AF21D3 /* Main.storyboard in Resources */ = {isa = PBXBuildFile; fileRef = 84135F192437B80300AF21D3 /* Main.storyboard */; };
		84135F1D2437B80400AF21D3 /* Assets.xcassets in Resources */ = {isa = PBXBuildFile; fileRef = 84135F1C2437B80400AF21D3 /* Assets.xcassets */; };
		84135F202437B80400AF21D3 /* LaunchScreen.storyboard in Resources */ = {isa = PBXBuildFile; fileRef = 84135F1E2437B80400AF21D3 /* LaunchScreen.storyboard */; };
		84135F2B2437B80400AF21D3 /* PitchPerfectTests.swift in Sources */ = {isa = PBXBuildFile; fileRef = 84135F2A2437B80400AF21D3 /* PitchPerfectTests.swift */; };
		84135F362437B80500AF21D3 /* PitchPerfectUITests.swift in Sources */ = {isa = PBXBuildFile; fileRef = 84135F352437B80500AF21D3 /* PitchPerfectUITests.swift */; };
		84AAB37F24390A86004DECCE /* PlaySoundsViewController.swift in Sources */ = {isa = PBXBuildFile; fileRef = 84AAB37E24390A86004DECCE /* PlaySoundsViewController.swift */; };
		84AAB38324395296004DECCE /* PlaySoundsViewControllerAaudio.swift in Sources */ = {isa = PBXBuildFile; fileRef = 84AAB38224395296004DECCE /* PlaySoundsViewControllerAaudio.swift */; };
/* End PBXBuildFile section */

/* Begin PBXContainerItemProxy section */
		84135F272437B80400AF21D3 /* PBXContainerItemProxy */ = {
			isa = PBXContainerItemProxy;
			containerPortal = 84135F0A2437B80300AF21D3 /* Project object */;
			proxyType = 1;
			remoteGlobalIDString = 84135F112437B80300AF21D3;
			remoteInfo = PitchPerfect;
		};
		84135F322437B80500AF21D3 /* PBXContainerItemProxy */ = {
			isa = PBXContainerItemProxy;
			containerPortal = 84135F0A2437B80300AF21D3 /* Project object */;
			proxyType = 1;
			remoteGlobalIDString = 84135F112437B80300AF21D3;
			remoteInfo = PitchPerfect;
		};
/* End PBXContainerItemProxy section */

/* Begin PBXFileReference section */
		84135F122437B80300AF21D3 /* PitchPerfect.app */ = {isa = PBXFileReference; explicitFileType = wrapper.application; includeInIndex = 0; path = PitchPerfect.app; sourceTree = BUILT_PRODUCTS_DIR; };
		84135F152437B80300AF21D3 /* AppDelegate.swift */ = {isa = PBXFileReference; lastKnownFileType = sourcecode.swift; path = AppDelegate.swift; sourceTree = "<group>"; };
		84135F172437B80300AF21D3 /* RecordSoundsViewController.swift */ = {isa = PBXFileReference; lastKnownFileType = sourcecode.swift; path = RecordSoundsViewController.swift; sourceTree = "<group>"; };
		84135F1A2437B80300AF21D3 /* Base */ = {isa = PBXFileReference; lastKnownFileType = file.storyboard; name = Base; path = Base.lproj/Main.storyboard; sourceTree = "<group>"; };
		84135F1C2437B80400AF21D3 /* Assets.xcassets */ = {isa = PBXFileReference; lastKnownFileType = folder.assetcatalog; path = Assets.xcassets; sourceTree = "<group>"; };
		84135F1F2437B80400AF21D3 /* Base */ = {isa = PBXFileReference; lastKnownFileType = file.storyboard; name = Base; path = Base.lproj/LaunchScreen.storyboard; sourceTree = "<group>"; };
		84135F212437B80400AF21D3 /* Info.plist */ = {isa = PBXFileReference; lastKnownFileType = text.plist.xml; path = Info.plist; sourceTree = "<group>"; };
		84135F262437B80400AF21D3 /* PitchPerfectTests.xctest */ = {isa = PBXFileReference; explicitFileType = wrapper.cfbundle; includeInIndex = 0; path = PitchPerfectTests.xctest; sourceTree = BUILT_PRODUCTS_DIR; };
		84135F2A2437B80400AF21D3 /* PitchPerfectTests.swift */ = {isa = PBXFileReference; lastKnownFileType = sourcecode.swift; path = PitchPerfectTests.swift; sourceTree = "<group>"; };
		84135F2C2437B80400AF21D3 /* Info.plist */ = {isa = PBXFileReference; lastKnownFileType = text.plist.xml; path = Info.plist; sourceTree = "<group>"; };
		84135F312437B80500AF21D3 /* PitchPerfectUITests.xctest */ = {isa = PBXFileReference; explicitFileType = wrapper.cfbundle; includeInIndex = 0; path = PitchPerfectUITests.xctest; sourceTree = BUILT_PRODUCTS_DIR; };
		84135F352437B80500AF21D3 /* PitchPerfectUITests.swift */ = {isa = PBXFileReference; lastKnownFileType = sourcecode.swift; path = PitchPerfectUITests.swift; sourceTree = "<group>"; };
		84135F372437B80500AF21D3 /* Info.plist */ = {isa = PBXFileReference; lastKnownFileType = text.plist.xml; path = Info.plist; sourceTree = "<group>"; };
		84AAB37E24390A86004DECCE /* PlaySoundsViewController.swift */ = {isa = PBXFileReference; lastKnownFileType = sourcecode.swift; path = PlaySoundsViewController.swift; sourceTree = "<group>"; };
		84AAB38224395296004DECCE /* PlaySoundsViewControllerAaudio.swift */ = {isa = PBXFileReference; fileEncoding = 4; lastKnownFileType = sourcecode.swift; path = PlaySoundsViewControllerAaudio.swift; sourceTree = "<group>"; };
/* End PBXFileReference section */

/* Begin PBXFrameworksBuildPhase section */
		84135F0F2437B80300AF21D3 /* Frameworks */ = {
			isa = PBXFrameworksBuildPhase;
			buildActionMask = 2147483647;
			files = (
			);
			runOnlyForDeploymentPostprocessing = 0;
		};
		84135F232437B80400AF21D3 /* Frameworks */ = {
			isa = PBXFrameworksBuildPhase;
			buildActionMask = 2147483647;
			files = (
			);
			runOnlyForDeploymentPostprocessing = 0;
		};
		84135F2E2437B80500AF21D3 /* Frameworks */ = {
			isa = PBXFrameworksBuildPhase;
			buildActionMask = 2147483647;
			files = (
			);
			runOnlyForDeploymentPostprocessing = 0;
		};
/* End PBXFrameworksBuildPhase section */

/* Begin PBXGroup section */
		84135F092437B80300AF21D3 = {
			isa = PBXGroup;
			children = (
				84135F142437B80300AF21D3 /* PitchPerfect */,
				84135F292437B80400AF21D3 /* PitchPerfectTests */,
				84135F342437B80500AF21D3 /* PitchPerfectUITests */,
				84135F132437B80300AF21D3 /* Products */,
			);
			sourceTree = "<group>";
		};
		84135F132437B80300AF21D3 /* Products */ = {
			isa = PBXGroup;
			children = (
				84135F122437B80300AF21D3 /* PitchPerfect.app */,
				84135F262437B80400AF21D3 /* PitchPerfectTests.xctest */,
				84135F312437B80500AF21D3 /* PitchPerfectUITests.xctest */,
			);
			name = Products;
			sourceTree = "<group>";
		};
		84135F142437B80300AF21D3 /* PitchPerfect */ = {
			isa = PBXGroup;
			children = (
				84135F152437B80300AF21D3 /* AppDelegate.swift */,
				84135F172437B80300AF21D3 /* RecordSoundsViewController.swift */,
				84135F192437B80300AF21D3 /* Main.storyboard */,
				84135F1C2437B80400AF21D3 /* Assets.xcassets */,
				84135F1E2437B80400AF21D3 /* LaunchScreen.storyboard */,
				84135F212437B80400AF21D3 /* Info.plist */,
				84AAB37E24390A86004DECCE /* PlaySoundsViewController.swift */,
				84AAB38224395296004DECCE /* PlaySoundsViewControllerAaudio.swift */,
			);
			path = PitchPerfect;
			sourceTree = "<group>";
		};
		84135F292437B80400AF21D3 /* PitchPerfectTests */ = {
			isa = PBXGroup;
			children = (
				84135F2A2437B80400AF21D3 /* PitchPerfectTests.swift */,
				84135F2C2437B80400AF21D3 /* Info.plist */,
			);
			path = PitchPerfectTests;
			sourceTree = "<group>";
		};
		84135F342437B80500AF21D3 /* PitchPerfectUITests */ = {
			isa = PBXGroup;
			children = (
				84135F352437B80500AF21D3 /* PitchPerfectUITests.swift */,
				84135F372437B80500AF21D3 /* Info.plist */,
			);
			path = PitchPerfectUITests;
			sourceTree = "<group>";
		};
/* End PBXGroup section */

/* Begin PBXNativeTarget section */
		84135F112437B80300AF21D3 /* PitchPerfect */ = {
			isa = PBXNativeTarget;
			buildConfigurationList = 84135F3A2437B80500AF21D3 /* Build configuration list for PBXNativeTarget "PitchPerfect" */;
			buildPhases = (
				84135F0E2437B80300AF21D3 /* Sources */,
				84135F0F2437B80300AF21D3 /* Frameworks */,
				84135F102437B80300AF21D3 /* Resources */,
			);
			buildRules = (
			);
			dependencies = (
			);
			name = PitchPerfect;
			productName = PitchPerfect;
			productReference = 84135F122437B80300AF21D3 /* PitchPerfect.app */;
			productType = "com.apple.product-type.application";
		};
		84135F252437B80400AF21D3 /* PitchPerfectTests */ = {
			isa = PBXNativeTarget;
			buildConfigurationList = 84135F3D2437B80500AF21D3 /* Build configuration list for PBXNativeTarget "PitchPerfectTests" */;
			buildPhases = (
				84135F222437B80400AF21D3 /* Sources */,
				84135F232437B80400AF21D3 /* Frameworks */,
				84135F242437B80400AF21D3 /* Resources */,
			);
			buildRules = (
			);
			dependencies = (
				84135F282437B80400AF21D3 /* PBXTargetDependency */,
			);
			name = PitchPerfectTests;
			productName = PitchPerfectTests;
			productReference = 84135F262437B80400AF21D3 /* PitchPerfectTests.xctest */;
			productType = "com.apple.product-type.bundle.unit-test";
		};
		84135F302437B80500AF21D3 /* PitchPerfectUITests */ = {
			isa = PBXNativeTarget;
			buildConfigurationList = 84135F402437B80500AF21D3 /* Build configuration list for PBXNativeTarget "PitchPerfectUITests" */;
			buildPhases = (
				84135F2D2437B80500AF21D3 /* Sources */,
				84135F2E2437B80500AF21D3 /* Frameworks */,
				84135F2F2437B80500AF21D3 /* Resources */,
			);
			buildRules = (
			);
			dependencies = (
				84135F332437B80500AF21D3 /* PBXTargetDependency */,
			);
			name = PitchPerfectUITests;
			productName = PitchPerfectUITests;
			productReference = 84135F312437B80500AF21D3 /* PitchPerfectUITests.xctest */;
			productType = "com.apple.product-type.bundle.ui-testing";
		};
/* End PBXNativeTarget section */

/* Begin PBXProject section */
		84135F0A2437B80300AF21D3 /* Project object */ = {
			isa = PBXProject;
			attributes = {
				LastSwiftUpdateCheck = 1020;
				LastUpgradeCheck = 1020;
				ORGANIZATIONNAME = com.admin;
				TargetAttributes = {
					84135F112437B80300AF21D3 = {
						CreatedOnToolsVersion = 10.2.1;
						ProvisioningStyle = Automatic;
					};
					84135F252437B80400AF21D3 = {
						CreatedOnToolsVersion = 10.2.1;
						ProvisioningStyle = Automatic;
						TestTargetID = 84135F112437B80300AF21D3;
					};
					84135F302437B80500AF21D3 = {
						CreatedOnToolsVersion = 10.2.1;
						ProvisioningStyle = Automatic;
						TestTargetID = 84135F112437B80300AF21D3;
					};
				};
			};
			buildConfigurationList = 84135F0D2437B80300AF21D3 /* Build configuration list for PBXProject "PitchPerfect" */;
			compatibilityVersion = "Xcode 8.0";
			developmentRegion = en;
			hasScannedForEncodings = 0;
			knownRegions = (
				en,
				Base,
			);
			mainGroup = 84135F092437B80300AF21D3;
			productRefGroup = 84135F132437B80300AF21D3 /* Products */;
			projectDirPath = "";
			projectRoot = "";
			targets = (
				84135F112437B80300AF21D3 /* PitchPerfect */,
				84135F252437B80400AF21D3 /* PitchPerfectTests */,
				84135F302437B80500AF21D3 /* PitchPerfectUITests */,
			);
		};
/* End PBXProject section */

/* Begin PBXResourcesBuildPhase section */
		84135F102437B80300AF21D3 /* Resources */ = {
			isa = PBXResourcesBuildPhase;
			buildActionMask = 2147483647;
			files = (
				84135F202437B80400AF21D3 /* LaunchScreen.storyboard in Resources */,
				84135F1D2437B80400AF21D3 /* Assets.xcassets in Resources */,
				84135F1B2437B80300AF21D3 /* Main.storyboard in Resources */,
			);
			runOnlyForDeploymentPostprocessing = 0;
		};
		84135F242437B80400AF21D3 /* Resources */ = {
			isa = PBXResourcesBuildPhase;
			buildActionMask = 2147483647;
			files = (
			);
			runOnlyForDeploymentPostprocessing = 0;
		};
		84135F2F2437B80500AF21D3 /* Resources */ = {
			isa = PBXResourcesBuildPhase;
			buildActionMask = 2147483647;
			files = (
			);
			runOnlyForDeploymentPostprocessing = 0;
		};
/* End PBXResourcesBuildPhase section */

/* Begin PBXSourcesBuildPhase section */
		84135F0E2437B80300AF21D3 /* Sources */ = {
			isa = PBXSourcesBuildPhase;
			buildActionMask = 2147483647;
			files = (
				84135F182437B80300AF21D3 /* RecordSoundsViewController.swift in Sources */,
				84AAB37F24390A86004DECCE /* PlaySoundsViewController.swift in Sources */,
				84135F162437B80300AF21D3 /* AppDelegate.swift in Sources */,
				84AAB38324395296004DECCE /* PlaySoundsViewControllerAaudio.swift in Sources */,
			);
			runOnlyForDeploymentPostprocessing = 0;
		};
		84135F222437B80400AF21D3 /* Sources */ = {
			isa = PBXSourcesBuildPhase;
			buildActionMask = 2147483647;
			files = (
				84135F2B2437B80400AF21D3 /* PitchPerfectTests.swift in Sources */,
			);
			runOnlyForDeploymentPostprocessing = 0;
		};
		84135F2D2437B80500AF21D3 /* Sources */ = {
			isa = PBXSourcesBuildPhase;
			buildActionMask = 2147483647;
			files = (
				84135F362437B80500AF21D3 /* PitchPerfectUITests.swift in Sources */,
			);
			runOnlyForDeploymentPostprocessing = 0;
		};
/* End PBXSourcesBuildPhase section */

/* Begin PBXTargetDependency section */
		84135F282437B80400AF21D3 /* PBXTargetDependency */ = {
			isa = PBXTargetDependency;
			target = 84135F112437B80300AF21D3 /* PitchPerfect */;
			targetProxy = 84135F272437B80400AF21D3 /* PBXContainerItemProxy */;
		};
		84135F332437B80500AF21D3 /* PBXTargetDependency */ = {
			isa = PBXTargetDependency;
			target = 84135F112437B80300AF21D3 /* PitchPerfect */;
			targetProxy = 84135F322437B80500AF21D3 /* PBXContainerItemProxy */;
		};
/* End PBXTargetDependency section */

/* Begin PBXVariantGroup section */
		84135F192437B80300AF21D3 /* Main.storyboard */ = {
			isa = PBXVariantGroup;
			children = (
				84135F1A2437B80300AF21D3 /* Base */,
			);
			name = Main.storyboard;
			sourceTree = "<group>";
		};
		84135F1E2437B80400AF21D3 /* LaunchScreen.storyboard */ = {
			isa = PBXVariantGroup;
			children = (
				84135F1F2437B80400AF21D3 /* Base */,
			);
			name = LaunchScreen.storyboard;
			sourceTree = "<group>";
		};
/* End PBXVariantGroup section */

/* Begin XCBuildConfiguration section */
		84135F382437B80500AF21D3 /* Debug */ = {
			isa = XCBuildConfiguration;
			buildSettings = {
				ALWAYS_SEARCH_USER_PATHS = NO;
				CLANG_ANALYZER_NONNULL = YES;
				CLANG_ANALYZER_NUMBER_OBJECT_CONVERSION = YES_AGGRESSIVE;
				CLANG_CXX_LANGUAGE_STANDARD = "gnu++14";
				CLANG_CXX_LIBRARY = "libc++";
				CLANG_ENABLE_MODULES = YES;
				CLANG_ENABLE_OBJC_ARC = YES;
				CLANG_ENABLE_OBJC_WEAK = YES;
				CLANG_WARN_BLOCK_CAPTURE_AUTORELEASING = YES;
				CLANG_WARN_BOOL_CONVERSION = YES;
				CLANG_WARN_COMMA = YES;
				CLANG_WARN_CONSTANT_CONVERSION = YES;
				CLANG_WARN_DEPRECATED_OBJC_IMPLEMENTATIONS = YES;
				CLANG_WARN_DIRECT_OBJC_ISA_USAGE = YES_ERROR;
				CLANG_WARN_DOCUMENTATION_COMMENTS = YES;
				CLANG_WARN_EMPTY_BODY = YES;
				CLANG_WARN_ENUM_CONVERSION = YES;
				CLANG_WARN_INFINITE_RECURSION = YES;
				CLANG_WARN_INT_CONVERSION = YES;
				CLANG_WARN_NON_LITERAL_NULL_CONVERSION = YES;
				CLANG_WARN_OBJC_IMPLICIT_RETAIN_SELF = YES;
				CLANG_WARN_OBJC_LITERAL_CONVERSION = YES;
				CLANG_WARN_OBJC_ROOT_CLASS = YES_ERROR;
				CLANG_WARN_RANGE_LOOP_ANALYSIS = YES;
				CLANG_WARN_STRICT_PROTOTYPES = YES;
				CLANG_WARN_SUSPICIOUS_MOVE = YES;
				CLANG_WARN_UNGUARDED_AVAILABILITY = YES_AGGRESSIVE;
				CLANG_WARN_UNREACHABLE_CODE = YES;
				CLANG_WARN__DUPLICATE_METHOD_MATCH = YES;
				CODE_SIGN_IDENTITY = "iPhone Developer";
				COPY_PHASE_STRIP = NO;
				DEBUG_INFORMATION_FORMAT = dwarf;
				ENABLE_STRICT_OBJC_MSGSEND = YES;
				ENABLE_TESTABILITY = YES;
				GCC_C_LANGUAGE_STANDARD = gnu11;
				GCC_DYNAMIC_NO_PIC = NO;
				GCC_NO_COMMON_BLOCKS = YES;
				GCC_OPTIMIZATION_LEVEL = 0;
				GCC_PREPROCESSOR_DEFINITIONS = (
					"DEBUG=1",
					"$(inherited)",
				);
				GCC_WARN_64_TO_32_BIT_CONVERSION = YES;
				GCC_WARN_ABOUT_RETURN_TYPE = YES_ERROR;
				GCC_WARN_UNDECLARED_SELECTOR = YES;
				GCC_WARN_UNINITIALIZED_AUTOS = YES_AGGRESSIVE;
				GCC_WARN_UNUSED_FUNCTION = YES;
				GCC_WARN_UNUSED_VARIABLE = YES;
				IPHONEOS_DEPLOYMENT_TARGET = 12.2;
				MTL_ENABLE_DEBUG_INFO = INCLUDE_SOURCE;
				MTL_FAST_MATH = YES;
				ONLY_ACTIVE_ARCH = YES;
				SDKROOT = iphoneos;
				SWIFT_ACTIVE_COMPILATION_CONDITIONS = DEBUG;
				SWIFT_OPTIMIZATION_LEVEL = "-Onone";
			};
			name = Debug;
		};
		84135F392437B80500AF21D3 /* Release */ = {
			isa = XCBuildConfiguration;
			buildSettings = {
				ALWAYS_SEARCH_USER_PATHS = NO;
				CLANG_ANALYZER_NONNULL = YES;
				CLANG_ANALYZER_NUMBER_OBJECT_CONVERSION = YES_AGGRESSIVE;
				CLANG_CXX_LANGUAGE_STANDARD = "gnu++14";
				CLANG_CXX_LIBRARY = "libc++";
				CLANG_ENABLE_MODULES = YES;
				CLANG_ENABLE_OBJC_ARC = YES;
				CLANG_ENABLE_OBJC_WEAK = YES;
				CLANG_WARN_BLOCK_CAPTURE_AUTORELEASING = YES;
				CLANG_WARN_BOOL_CONVERSION = YES;
				CLANG_WARN_COMMA = YES;
				CLANG_WARN_CONSTANT_CONVERSION = YES;
				CLANG_WARN_DEPRECATED_OBJC_IMPLEMENTATIONS = YES;
				CLANG_WARN_DIRECT_OBJC_ISA_USAGE = YES_ERROR;
				CLANG_WARN_DOCUMENTATION_COMMENTS = YES;
				CLANG_WARN_EMPTY_BODY = YES;
				CLANG_WARN_ENUM_CONVERSION = YES;
				CLANG_WARN_INFINITE_RECURSION = YES;
				CLANG_WARN_INT_CONVERSION = YES;
				CLANG_WARN_NON_LITERAL_NULL_CONVERSION = YES;
				CLANG_WARN_OBJC_IMPLICIT_RETAIN_SELF = YES;
				CLANG_WARN_OBJC_LITERAL_CONVERSION = YES;
				CLANG_WARN_OBJC_ROOT_CLASS = YES_ERROR;
				CLANG_WARN_RANGE_LOOP_ANALYSIS = YES;
				CLANG_WARN_STRICT_PROTOTYPES = YES;
				CLANG_WARN_SUSPICIOUS_MOVE = YES;
				CLANG_WARN_UNGUARDED_AVAILABILITY = YES_AGGRESSIVE;
				CLANG_WARN_UNREACHABLE_CODE = YES;
				CLANG_WARN__DUPLICATE_METHOD_MATCH = YES;
				CODE_SIGN_IDENTITY = "iPhone Developer";
				COPY_PHASE_STRIP = NO;
				DEBUG_INFORMATION_FORMAT = "dwarf-with-dsym";
				ENABLE_NS_ASSERTIONS = NO;
				ENABLE_STRICT_OBJC_MSGSEND = YES;
				GCC_C_LANGUAGE_STANDARD = gnu11;
				GCC_NO_COMMON_BLOCKS = YES;
				GCC_WARN_64_TO_32_BIT_CONVERSION = YES;
				GCC_WARN_ABOUT_RETURN_TYPE = YES_ERROR;
				GCC_WARN_UNDECLARED_SELECTOR = YES;
				GCC_WARN_UNINITIALIZED_AUTOS = YES_AGGRESSIVE;
				GCC_WARN_UNUSED_FUNCTION = YES;
				GCC_WARN_UNUSED_VARIABLE = YES;
				IPHONEOS_DEPLOYMENT_TARGET = 12.2;
				MTL_ENABLE_DEBUG_INFO = NO;
				MTL_FAST_MATH = YES;
				SDKROOT = iphoneos;
				SWIFT_OPTIMIZATION_LEVEL = "-Owholemodule";
				VALIDATE_PRODUCT = YES;
			};
			name = Release;
		};
		84135F3B2437B80500AF21D3 /* Debug */ = {
			isa = XCBuildConfiguration;
			buildSettings = {
				ASSETCATALOG_COMPILER_APPICON_NAME = AppIcon;
				CODE_SIGN_IDENTITY = "iPhone Developer";
				CODE_SIGN_STYLE = Automatic;
				DEVELOPMENT_TEAM = 3TFN768SSF;
				INFOPLIST_FILE = PitchPerfect/Info.plist;
				LD_RUNPATH_SEARCH_PATHS = "$(inherited) @executable_path/Frameworks";
				PRODUCT_BUNDLE_IDENTIFIER = com.robrt.loterh.PitchPerfect;
				PRODUCT_NAME = "$(TARGET_NAME)";
				PROVISIONING_PROFILE_SPECIFIER = "";
				SWIFT_VERSION = 5.0;
				TARGETED_DEVICE_FAMILY = "1,2";
			};
			name = Debug;
		};
		84135F3C2437B80500AF21D3 /* Release */ = {
			isa = XCBuildConfiguration;
			buildSettings = {
				ASSETCATALOG_COMPILER_APPICON_NAME = AppIcon;
				CODE_SIGN_IDENTITY = "iPhone Developer";
				CODE_SIGN_STYLE = Automatic;
				DEVELOPMENT_TEAM = 3TFN768SSF;
				INFOPLIST_FILE = PitchPerfect/Info.plist;
				LD_RUNPATH_SEARCH_PATHS = "$(inherited) @executable_path/Frameworks";
				PRODUCT_BUNDLE_IDENTIFIER = com.robrt.loterh.PitchPerfect;
				PRODUCT_NAME = "$(TARGET_NAME)";
				PROVISIONING_PROFILE_SPECIFIER = "";
				SWIFT_VERSION = 5.0;
				TARGETED_DEVICE_FAMILY = "1,2";
			};
			name = Release;
		};
		84135F3E2437B80500AF21D3 /* Debug */ = {
			isa = XCBuildConfiguration;
			buildSettings = {
				ALWAYS_EMBED_SWIFT_STANDARD_LIBRARIES = YES;
				BUNDLE_LOADER = "$(TEST_HOST)";
				CODE_SIGN_STYLE = Automatic;
				DEVELOPMENT_TEAM = 3TFN768SSF;
				INFOPLIST_FILE = PitchPerfectTests/Info.plist;
				LD_RUNPATH_SEARCH_PATHS = "$(inherited) @executable_path/Frameworks @loader_path/Frameworks";
				PRODUCT_BUNDLE_IDENTIFIER = com.robrt.loterh.PitchPerfectTests;
				PRODUCT_NAME = "$(TARGET_NAME)";
				SWIFT_VERSION = 5.0;
				TARGETED_DEVICE_FAMILY = "1,2";
				TEST_HOST = "$(BUILT_PRODUCTS_DIR)/PitchPerfect.app/PitchPerfect";
			};
			name = Debug;
		};
		84135F3F2437B80500AF21D3 /* Release */ = {
			isa = XCBuildConfiguration;
			buildSettings = {
				ALWAYS_EMBED_SWIFT_STANDARD_LIBRARIES = YES;
				BUNDLE_LOADER = "$(TEST_HOST)";
				CODE_SIGN_STYLE = Automatic;
				DEVELOPMENT_TEAM = 3TFN768SSF;
				INFOPLIST_FILE = PitchPerfectTests/Info.plist;
				LD_RUNPATH_SEARCH_PATHS = "$(inherited) @executable_path/Frameworks @loader_path/Frameworks";
				PRODUCT_BUNDLE_IDENTIFIER = com.robrt.loterh.PitchPerfectTests;
				PRODUCT_NAME = "$(TARGET_NAME)";
				SWIFT_VERSION = 5.0;
				TARGETED_DEVICE_FAMILY = "1,2";
				TEST_HOST = "$(BUILT_PRODUCTS_DIR)/PitchPerfect.app/PitchPerfect";
			};
			name = Release;
		};
		84135F412437B80500AF21D3 /* Debug */ = {
			isa = XCBuildConfiguration;
			buildSettings = {
				ALWAYS_EMBED_SWIFT_STANDARD_LIBRARIES = YES;
				CODE_SIGN_STYLE = Automatic;
				DEVELOPMENT_TEAM = 3TFN768SSF;
				INFOPLIST_FILE = PitchPerfectUITests/Info.plist;
				LD_RUNPATH_SEARCH_PATHS = "$(inherited) @executable_path/Frameworks @loader_path/Frameworks";
				PRODUCT_BUNDLE_IDENTIFIER = com.robrt.loterh.PitchPerfectUITests;
				PRODUCT_NAME = "$(TARGET_NAME)";
				SWIFT_VERSION = 5.0;
				TARGETED_DEVICE_FAMILY = "1,2";
				TEST_TARGET_NAME = PitchPerfect;
			};
			name = Debug;
		};
		84135F422437B80500AF21D3 /* Release */ = {
			isa = XCBuildConfiguration;
			buildSettings = {
				ALWAYS_EMBED_SWIFT_STANDARD_LIBRARIES = YES;
				CODE_SIGN_STYLE = Automatic;
				DEVELOPMENT_TEAM = 3TFN768SSF;
				INFOPLIST_FILE = PitchPerfectUITests/Info.plist;
				LD_RUNPATH_SEARCH_PATHS = "$(inherited) @executable_path/Frameworks @loader_path/Frameworks";
				PRODUCT_BUNDLE_IDENTIFIER = com.robrt.loterh.PitchPerfectUITests;
				PRODUCT_NAME = "$(TARGET_NAME)";
				SWIFT_VERSION = 5.0;
				TARGETED_DEVICE_FAMILY = "1,2";
				TEST_TARGET_NAME = PitchPerfect;
			};
			name = Release;
		};
/* End XCBuildConfiguration section */

/* Begin XCConfigurationList section */
		84135F0D2437B80300AF21D3 /* Build configuration list for PBXProject "PitchPerfect" */ = {
			isa = XCConfigurationList;
			buildConfigurations = (
				84135F382437B80500AF21D3 /* Debug */,
				84135F392437B80500AF21D3 /* Release */,
			);
			defaultConfigurationIsVisible = 0;
			defaultConfigurationName = Release;
		};
		84135F3A2437B80500AF21D3 /* Build configuration list for PBXNativeTarget "PitchPerfect" */ = {
			isa = XCConfigurationList;
			buildConfigurations = (
				84135F3B2437B80500AF21D3 /* Debug */,
				84135F3C2437B80500AF21D3 /* Release */,
			);
			defaultConfigurationIsVisible = 0;
			defaultConfigurationName = Release;
		};
		84135F3D2437B80500AF21D3 /* Build configuration list for PBXNativeTarget "PitchPerfectTests" */ = {
			isa = XCConfigurationList;
			buildConfigurations = (
				84135F3E2437B80500AF21D3 /* Debug */,
				84135F3F2437B80500AF21D3 /* Release */,
			);
			defaultConfigurationIsVisible = 0;
			defaultConfigurationName = Release;
		};
		84135F402437B80500AF21D3 /* Build configuration list for PBXNativeTarget "PitchPerfectUITests" */ = {
			isa = XCConfigurationList;
			buildConfigurations = (
				84135F412437B80500AF21D3 /* Debug */,
				84135F422437B80500AF21D3 /* Release */,
			);
			defaultConfigurationIsVisible = 0;
			defaultConfigurationName = Release;
		};
/* End XCConfigurationList section */
	};
	rootObject = 84135F0A2437B80300AF21D3 /* Project object */;
}
